// !$*UTF8*$!
{
	archiveVersion = 1;
	classes = {
	};
	objectVersion = 46;
	objects = {

/* Begin PBXBuildFile section */
		3FF40C481F79D8F000DE43E3 /* AppDelegate.swift in Sources */ = {isa = PBXBuildFile; fileRef = 3FF40C471F79D8F000DE43E3 /* AppDelegate.swift */; };
		3FF40C4A1F79D8F000DE43E3 /* ViewController.swift in Sources */ = {isa = PBXBuildFile; fileRef = 3FF40C491F79D8F000DE43E3 /* ViewController.swift */; };
		3FF40C4D1F79D8F000DE43E3 /* Main.storyboard in Resources */ = {isa = PBXBuildFile; fileRef = 3FF40C4B1F79D8F000DE43E3 /* Main.storyboard */; };
		3FF40C4F1F79D8F000DE43E3 /* Assets.xcassets in Resources */ = {isa = PBXBuildFile; fileRef = 3FF40C4E1F79D8F000DE43E3 /* Assets.xcassets */; };
		3FF40C521F79D8F000DE43E3 /* LaunchScreen.storyboard in Resources */ = {isa = PBXBuildFile; fileRef = 3FF40C501F79D8F000DE43E3 /* LaunchScreen.storyboard */; };
		3FF40C5D1F79D8F000DE43E3 /* MyPartyPlannerTests.swift in Sources */ = {isa = PBXBuildFile; fileRef = 3FF40C5C1F79D8F000DE43E3 /* MyPartyPlannerTests.swift */; };
/* End PBXBuildFile section */

/* Begin PBXContainerItemProxy section */
		3FF40C591F79D8F000DE43E3 /* PBXContainerItemProxy */ = {
			isa = PBXContainerItemProxy;
			containerPortal = 3FF40C3C1F79D8F000DE43E3 /* Project object */;
			proxyType = 1;
			remoteGlobalIDString = 3FF40C431F79D8F000DE43E3;
			remoteInfo = MyPartyPlanner;
		};
/* End PBXContainerItemProxy section */

/* Begin PBXFileReference section */
		3FF40C441F79D8F000DE43E3 /* MyPartyPlanner.app */ = {isa = PBXFileReference; explicitFileType = wrapper.application; includeInIndex = 0; path = MyPartyPlanner.app; sourceTree = BUILT_PRODUCTS_DIR; };
		3FF40C471F79D8F000DE43E3 /* AppDelegate.swift */ = {isa = PBXFileReference; lastKnownFileType = sourcecode.swift; path = AppDelegate.swift; sourceTree = "<group>"; };
		3FF40C491F79D8F000DE43E3 /* ViewController.swift */ = {isa = PBXFileReference; lastKnownFileType = sourcecode.swift; path = ViewController.swift; sourceTree = "<group>"; };
		3FF40C4C1F79D8F000DE43E3 /* Base */ = {isa = PBXFileReference; lastKnownFileType = file.storyboard; name = Base; path = Base.lproj/Main.storyboard; sourceTree = "<group>"; };
		3FF40C4E1F79D8F000DE43E3 /* Assets.xcassets */ = {isa = PBXFileReference; lastKnownFileType = folder.assetcatalog; path = Assets.xcassets; sourceTree = "<group>"; };
		3FF40C511F79D8F000DE43E3 /* Base */ = {isa = PBXFileReference; lastKnownFileType = file.storyboard; name = Base; path = Base.lproj/LaunchScreen.storyboard; sourceTree = "<group>"; };
		3FF40C531F79D8F000DE43E3 /* Info.plist */ = {isa = PBXFileReference; lastKnownFileType = text.plist.xml; path = Info.plist; sourceTree = "<group>"; };
		3FF40C581F79D8F000DE43E3 /* MyPartyPlannerTests.xctest */ = {isa = PBXFileReference; explicitFileType = wrapper.cfbundle; includeInIndex = 0; path = MyPartyPlannerTests.xctest; sourceTree = BUILT_PRODUCTS_DIR; };
		3FF40C5C1F79D8F000DE43E3 /* MyPartyPlannerTests.swift */ = {isa = PBXFileReference; lastKnownFileType = sourcecode.swift; path = MyPartyPlannerTests.swift; sourceTree = "<group>"; };
		3FF40C5E1F79D8F000DE43E3 /* Info.plist */ = {isa = PBXFileReference; lastKnownFileType = text.plist.xml; path = Info.plist; sourceTree = "<group>"; };
/* End PBXFileReference section */

/* Begin PBXFrameworksBuildPhase section */
		3FF40C411F79D8F000DE43E3 /* Frameworks */ = {
			isa = PBXFrameworksBuildPhase;
			buildActionMask = 2147483647;
			files = (
			);
			runOnlyForDeploymentPostprocessing = 0;
		};
		3FF40C551F79D8F000DE43E3 /* Frameworks */ = {
			isa = PBXFrameworksBuildPhase;
			buildActionMask = 2147483647;
			files = (
			);
			runOnlyForDeploymentPostprocessing = 0;
		};
/* End PBXFrameworksBuildPhase section */

/* Begin PBXGroup section */
		3FF40C3B1F79D8F000DE43E3 = {
			isa = PBXGroup;
			children = (
				3FF40C461F79D8F000DE43E3 /* MyPartyPlanner */,
				3FF40C5B1F79D8F000DE43E3 /* MyPartyPlannerTests */,
				3FF40C451F79D8F000DE43E3 /* Products */,
			);
			sourceTree = "<group>";
		};
		3FF40C451F79D8F000DE43E3 /* Products */ = {
			isa = PBXGroup;
			children = (
				3FF40C441F79D8F000DE43E3 /* MyPartyPlanner.app */,
				3FF40C581F79D8F000DE43E3 /* MyPartyPlannerTests.xctest */,
			);
			name = Products;
			sourceTree = "<group>";
		};
		3FF40C461F79D8F000DE43E3 /* MyPartyPlanner */ = {
			isa = PBXGroup;
			children = (
				3FF40C471F79D8F000DE43E3 /* AppDelegate.swift */,
				3FF40C491F79D8F000DE43E3 /* ViewController.swift */,
				3FF40C4B1F79D8F000DE43E3 /* Main.storyboard */,
				3FF40C4E1F79D8F000DE43E3 /* Assets.xcassets */,
				3FF40C501F79D8F000DE43E3 /* LaunchScreen.storyboard */,
				3FF40C531F79D8F000DE43E3 /* Info.plist */,
			);
			path = MyPartyPlanner;
			sourceTree = "<group>";
		};
		3FF40C5B1F79D8F000DE43E3 /* MyPartyPlannerTests */ = {
			isa = PBXGroup;
			children = (
				3FF40C5C1F79D8F000DE43E3 /* MyPartyPlannerTests.swift */,
				3FF40C5E1F79D8F000DE43E3 /* Info.plist */,
			);
			path = MyPartyPlannerTests;
			sourceTree = "<group>";
		};
/* End PBXGroup section */

/* Begin PBXNativeTarget section */
		3FF40C431F79D8F000DE43E3 /* MyPartyPlanner */ = {
			isa = PBXNativeTarget;
			buildConfigurationList = 3FF40C611F79D8F000DE43E3 /* Build configuration list for PBXNativeTarget "MyPartyPlanner" */;
			buildPhases = (
				3FF40C401F79D8F000DE43E3 /* Sources */,
				3FF40C411F79D8F000DE43E3 /* Frameworks */,
				3FF40C421F79D8F000DE43E3 /* Resources */,
			);
			buildRules = (
			);
			dependencies = (
			);
			name = MyPartyPlanner;
			productName = MyPartyPlanner;
			productReference = 3FF40C441F79D8F000DE43E3 /* MyPartyPlanner.app */;
			productType = "com.apple.product-type.application";
		};
		3FF40C571F79D8F000DE43E3 /* MyPartyPlannerTests */ = {
			isa = PBXNativeTarget;
			buildConfigurationList = 3FF40C641F79D8F000DE43E3 /* Build configuration list for PBXNativeTarget "MyPartyPlannerTests" */;
			buildPhases = (
				3FF40C541F79D8F000DE43E3 /* Sources */,
				3FF40C551F79D8F000DE43E3 /* Frameworks */,
				3FF40C561F79D8F000DE43E3 /* Resources */,
			);
			buildRules = (
			);
			dependencies = (
				3FF40C5A1F79D8F000DE43E3 /* PBXTargetDependency */,
			);
			name = MyPartyPlannerTests;
			productName = MyPartyPlannerTests;
			productReference = 3FF40C581F79D8F000DE43E3 /* MyPartyPlannerTests.xctest */;
			productType = "com.apple.product-type.bundle.unit-test";
		};
/* End PBXNativeTarget section */

/* Begin PBXProject section */
		3FF40C3C1F79D8F000DE43E3 /* Project object */ = {
			isa = PBXProject;
			attributes = {
				LastSwiftUpdateCheck = 0830;
				LastUpgradeCheck = 0830;
				ORGANIZATIONNAME = Student;
				TargetAttributes = {
					3FF40C431F79D8F000DE43E3 = {
						CreatedOnToolsVersion = 8.3.3;
						ProvisioningStyle = Automatic;
					};
					3FF40C571F79D8F000DE43E3 = {
						CreatedOnToolsVersion = 8.3.3;
						ProvisioningStyle = Automatic;
						TestTargetID = 3FF40C431F79D8F000DE43E3;
					};
				};
			};
			buildConfigurationList = 3FF40C3F1F79D8F000DE43E3 /* Build configuration list for PBXProject "MyPartyPlanner" */;
			compatibilityVersion = "Xcode 3.2";
			developmentRegion = English;
			hasScannedForEncodings = 0;
			knownRegions = (
				en,
				Base,
			);
			mainGroup = 3FF40C3B1F79D8F000DE43E3;
			productRefGroup = 3FF40C451F79D8F000DE43E3 /* Products */;
			projectDirPath = "";
			projectRoot = "";
			targets = (
				3FF40C431F79D8F000DE43E3 /* MyPartyPlanner */,
				3FF40C571F79D8F000DE43E3 /* MyPartyPlannerTests */,
			);
		};
/* End PBXProject section */

/* Begin PBXResourcesBuildPhase section */
		3FF40C421F79D8F000DE43E3 /* Resources */ = {
			isa = PBXResourcesBuildPhase;
			buildActionMask = 2147483647;
			files = (
				3FF40C521F79D8F000DE43E3 /* LaunchScreen.storyboard in Resources */,
				3FF40C4F1F79D8F000DE43E3 /* Assets.xcassets in Resources */,
				3FF40C4D1F79D8F000DE43E3 /* Main.storyboard in Resources */,
			);
			runOnlyForDeploymentPostprocessing = 0;
		};
		3FF40C561F79D8F000DE43E3 /* Resources */ = {
			isa = PBXResourcesBuildPhase;
			buildActionMask = 2147483647;
			files = (
			);
			runOnlyForDeploymentPostprocessing = 0;
		};
/* End PBXResourcesBuildPhase section */

/* Begin PBXSourcesBuildPhase section */
		3FF40C401F79D8F000DE43E3 /* Sources */ = {
			isa = PBXSourcesBuildPhase;
			buildActionMask = 2147483647;
			files = (
				3FF40C4A1F79D8F000DE43E3 /* ViewController.swift in Sources */,
				3FF40C481F79D8F000DE43E3 /* AppDelegate.swift in Sources */,
			);
			runOnlyForDeploymentPostprocessing = 0;
		};
		3FF40C541F79D8F000DE43E3 /* Sources */ = {
			isa = PBXSourcesBuildPhase;
			buildActionMask = 2147483647;
			files = (
				3FF40C5D1F79D8F000DE43E3 /* MyPartyPlannerTests.swift in Sources */,
			);
			runOnlyForDeploymentPostprocessing = 0;
		};
/* End PBXSourcesBuildPhase section */

/* Begin PBXTargetDependency section */
		3FF40C5A1F79D8F000DE43E3 /* PBXTargetDependency */ = {
			isa = PBXTargetDependency;
			target = 3FF40C431F79D8F000DE43E3 /* MyPartyPlanner */;
			targetProxy = 3FF40C591F79D8F000DE43E3 /* PBXContainerItemProxy */;
		};
/* End PBXTargetDependency section */

/* Begin PBXVariantGroup section */
		3FF40C4B1F79D8F000DE43E3 /* Main.storyboard */ = {
			isa = PBXVariantGroup;
			children = (
				3FF40C4C1F79D8F000DE43E3 /* Base */,
			);
			name = Main.storyboard;
			sourceTree = "<group>";
		};
		3FF40C501F79D8F000DE43E3 /* LaunchScreen.storyboard */ = {
			isa = PBXVariantGroup;
			children = (
				3FF40C511F79D8F000DE43E3 /* Base */,
			);
			name = LaunchScreen.storyboard;
			sourceTree = "<group>";
		};
/* End PBXVariantGroup section */

/* Begin XCBuildConfiguration section */
		3FF40C5F1F79D8F000DE43E3 /* Debug */ = {
			isa = XCBuildConfiguration;
			buildSettings = {
				ALWAYS_SEARCH_USER_PATHS = NO;
				CLANG_ANALYZER_NONNULL = YES;
				CLANG_ANALYZER_NUMBER_OBJECT_CONVERSION = YES_AGGRESSIVE;
				CLANG_CXX_LANGUAGE_STANDARD = "gnu++0x";
				CLANG_CXX_LIBRARY = "libc++";
				CLANG_ENABLE_MODULES = YES;
				CLANG_ENABLE_OBJC_ARC = YES;
				CLANG_WARN_BOOL_CONVERSION = YES;
				CLANG_WARN_CONSTANT_CONVERSION = YES;
				CLANG_WARN_DIRECT_OBJC_ISA_USAGE = YES_ERROR;
				CLANG_WARN_DOCUMENTATION_COMMENTS = YES;
				CLANG_WARN_EMPTY_BODY = YES;
				CLANG_WARN_ENUM_CONVERSION = YES;
				CLANG_WARN_INFINITE_RECURSION = YES;
				CLANG_WARN_INT_CONVERSION = YES;
				CLANG_WARN_OBJC_ROOT_CLASS = YES_ERROR;
				CLANG_WARN_SUSPICIOUS_MOVE = YES;
				CLANG_WARN_UNREACHABLE_CODE = YES;
				CLANG_WARN__DUPLICATE_METHOD_MATCH = YES;
				"CODE_SIGN_IDENTITY[sdk=iphoneos*]" = "iPhone Developer";
				COPY_PHASE_STRIP = NO;
				DEBUG_INFORMATION_FORMAT = dwarf;
				ENABLE_STRICT_OBJC_MSGSEND = YES;
				ENABLE_TESTABILITY = YES;
				GCC_C_LANGUAGE_STANDARD = gnu99;
				GCC_DYNAMIC_NO_PIC = NO;
				GCC_NO_COMMON_BLOCKS = YES;
				GCC_OPTIMIZATION_LEVEL = 0;
				GCC_PREPROCESSOR_DEFINITIONS = (
					"DEBUG=1",
					"$(inherited)",
				);
				GCC_WARN_64_TO_32_BIT_CONVERSION = YES;
				GCC_WARN_ABOUT_RETURN_TYPE = YES_ERROR;
				GCC_WARN_UNDECLARED_SELECTOR = YES;
				GCC_WARN_UNINITIALIZED_AUTOS = YES_AGGRESSIVE;
				GCC_WARN_UNUSED_FUNCTION = YES;
				GCC_WARN_UNUSED_VARIABLE = YES;
				IPHONEOS_DEPLOYMENT_TARGET = 10.3;
				MTL_ENABLE_DEBUG_INFO = YES;
				ONLY_ACTIVE_ARCH = YES;
				SDKROOT = iphoneos;
				SWIFT_ACTIVE_COMPILATION_CONDITIONS = DEBUG;
				SWIFT_OPTIMIZATION_LEVEL = "-Onone";
				TARGETED_DEVICE_FAMILY = "1,2";
			};
			name = Debug;
		};
		3FF40C601F79D8F000DE43E3 /* Release */ = {
			isa = XCBuildConfiguration;
			buildSettings = {
				ALWAYS_SEARCH_USER_PATHS = NO;
				CLANG_ANALYZER_NONNULL = YES;
				CLANG_ANALYZER_NUMBER_OBJECT_CONVERSION = YES_AGGRESSIVE;
				CLANG_CXX_LANGUAGE_STANDARD = "gnu++0x";
				CLANG_CXX_LIBRARY = "libc++";
				CLANG_ENABLE_MODULES = YES;
				CLANG_ENABLE_OBJC_ARC = YES;
				CLANG_WARN_BOOL_CONVERSION = YES;
				CLANG_WARN_CONSTANT_CONVERSION = YES;
				CLANG_WARN_DIRECT_OBJC_ISA_USAGE = YES_ERROR;
				CLANG_WARN_DOCUMENTATION_COMMENTS = YES;
				CLANG_WARN_EMPTY_BODY = YES;
				CLANG_WARN_ENUM_CONVERSION = YES;
				CLANG_WARN_INFINITE_RECURSION = YES;
				CLANG_WARN_INT_CONVERSION = YES;
				CLANG_WARN_OBJC_ROOT_CLASS = YES_ERROR;
				CLANG_WARN_SUSPICIOUS_MOVE = YES;
				CLANG_WARN_UNREACHABLE_CODE = YES;
				CLANG_WARN__DUPLICATE_METHOD_MATCH = YES;
				"CODE_SIGN_IDENTITY[sdk=iphoneos*]" = "iPhone Developer";
				COPY_PHASE_STRIP = NO;
				DEBUG_INFORMATION_FORMAT = "dwarf-with-dsym";
				ENABLE_NS_ASSERTIONS = NO;
				ENABLE_STRICT_OBJC_MSGSEND = YES;
				GCC_C_LANGUAGE_STANDARD = gnu99;
				GCC_NO_COMMON_BLOCKS = YES;
				GCC_WARN_64_TO_32_BIT_CONVERSION = YES;
				GCC_WARN_ABOUT_RETURN_TYPE = YES_ERROR;
				GCC_WARN_UNDECLARED_SELECTOR = YES;
				GCC_WARN_UNINITIALIZED_AUTOS = YES_AGGRESSIVE;
				GCC_WARN_UNUSED_FUNCTION = YES;
				GCC_WARN_UNUSED_VARIABLE = YES;
				IPHONEOS_DEPLOYMENT_TARGET = 10.3;
				MTL_ENABLE_DEBUG_INFO = NO;
				SDKROOT = iphoneos;
				SWIFT_OPTIMIZATION_LEVEL = "-Owholemodule";
				TARGETED_DEVICE_FAMILY = "1,2";
				VALIDATE_PRODUCT = YES;
			};
			name = Release;
		};
		3FF40C621F79D8F000DE43E3 /* Debug */ = {
			isa = XCBuildConfiguration;
			buildSettings = {
				ASSETCATALOG_COMPILER_APPICON_NAME = AppIcon;
				INFOPLIST_FILE = MyPartyPlanner/Info.plist;
				LD_RUNPATH_SEARCH_PATHS = "$(inherited) @executable_path/Frameworks";
				PRODUCT_BUNDLE_IDENTIFIER = "William-and-Friends.MyPartyPlanner";
				PRODUCT_NAME = "$(TARGET_NAME)";
				SWIFT_VERSION = 3.0;
			};
			name = Debug;
		};
		3FF40C631F79D8F000DE43E3 /* Release */ = {
			isa = XCBuildConfiguration;
			buildSettings = {
				ASSETCATALOG_COMPILER_APPICON_NAME = AppIcon;
				INFOPLIST_FILE = MyPartyPlanner/Info.plist;
				LD_RUNPATH_SEARCH_PATHS = "$(inherited) @executable_path/Frameworks";
				PRODUCT_BUNDLE_IDENTIFIER = "William-and-Friends.MyPartyPlanner";
				PRODUCT_NAME = "$(TARGET_NAME)";
				SWIFT_VERSION = 3.0;
			};
			name = Release;
		};
		3FF40C651F79D8F000DE43E3 /* Debug */ = {
			isa = XCBuildConfiguration;
			buildSettings = {
				ALWAYS_EMBED_SWIFT_STANDARD_LIBRARIES = YES;
				BUNDLE_LOADER = "$(TEST_HOST)";
				INFOPLIST_FILE = MyPartyPlannerTests/Info.plist;
				LD_RUNPATH_SEARCH_PATHS = "$(inherited) @executable_path/Frameworks @loader_path/Frameworks";
				PRODUCT_BUNDLE_IDENTIFIER = "William-and-Friends.MyPartyPlannerTests";
				PRODUCT_NAME = "$(TARGET_NAME)";
				SWIFT_VERSION = 3.0;
				TEST_HOST = "$(BUILT_PRODUCTS_DIR)/MyPartyPlanner.app/MyPartyPlanner";
			};
			name = Debug;
		};
		3FF40C661F79D8F000DE43E3 /* Release */ = {
			isa = XCBuildConfiguration;
			buildSettings = {
				ALWAYS_EMBED_SWIFT_STANDARD_LIBRARIES = YES;
				BUNDLE_LOADER = "$(TEST_HOST)";
				INFOPLIST_FILE = MyPartyPlannerTests/Info.plist;
				LD_RUNPATH_SEARCH_PATHS = "$(inherited) @executable_path/Frameworks @loader_path/Frameworks";
				PRODUCT_BUNDLE_IDENTIFIER = "William-and-Friends.MyPartyPlannerTests";
				PRODUCT_NAME = "$(TARGET_NAME)";
				SWIFT_VERSION = 3.0;
				TEST_HOST = "$(BUILT_PRODUCTS_DIR)/MyPartyPlanner.app/MyPartyPlanner";
			};
			name = Release;
		};
/* End XCBuildConfiguration section */

/* Begin XCConfigurationList section */
		3FF40C3F1F79D8F000DE43E3 /* Build configuration list for PBXProject "MyPartyPlanner" */ = {
			isa = XCConfigurationList;
			buildConfigurations = (
				3FF40C5F1F79D8F000DE43E3 /* Debug */,
				3FF40C601F79D8F000DE43E3 /* Release */,
			);
			defaultConfigurationIsVisible = 0;
			defaultConfigurationName = Release;
		};
		3FF40C611F79D8F000DE43E3 /* Build configuration list for PBXNativeTarget "MyPartyPlanner" */ = {
			isa = XCConfigurationList;
			buildConfigurations = (
				3FF40C621F79D8F000DE43E3 /* Debug */,
				3FF40C631F79D8F000DE43E3 /* Release */,
			);
			defaultConfigurationIsVisible = 0;
		};
		3FF40C641F79D8F000DE43E3 /* Build configuration list for PBXNativeTarget "MyPartyPlannerTests" */ = {
			isa = XCConfigurationList;
			buildConfigurations = (
				3FF40C651F79D8F000DE43E3 /* Debug */,
				3FF40C661F79D8F000DE43E3 /* Release */,
			);
			defaultConfigurationIsVisible = 0;
		};
/* End XCConfigurationList section */
	};
	rootObject = 3FF40C3C1F79D8F000DE43E3 /* Project object */;
}
